// !$*UTF8*$!
{
	archiveVersion = 1;
	classes = {
	};
	objectVersion = 46;
	objects = {

/* Begin PBXBuildFile section */
		6588EE2E1A5A79A10096E984 /* main.m in Sources */ = {isa = PBXBuildFile; fileRef = 6588EE2D1A5A79A10096E984 /* main.m */; };
		6588EE311A5A79A10096E984 /* AppDelegate.m in Sources */ = {isa = PBXBuildFile; fileRef = 6588EE301A5A79A10096E984 /* AppDelegate.m */; };
		6588EE341A5A79A10096E984 /* SingleTon.xcdatamodeld in Sources */ = {isa = PBXBuildFile; fileRef = 6588EE321A5A79A10096E984 /* SingleTon.xcdatamodeld */; };
		6588EE371A5A79A10096E984 /* ViewController.m in Sources */ = {isa = PBXBuildFile; fileRef = 6588EE361A5A79A10096E984 /* ViewController.m */; };
		6588EE3A1A5A79A10096E984 /* Main.storyboard in Resources */ = {isa = PBXBuildFile; fileRef = 6588EE381A5A79A10096E984 /* Main.storyboard */; };
		6588EE3C1A5A79A10096E984 /* Images.xcassets in Resources */ = {isa = PBXBuildFile; fileRef = 6588EE3B1A5A79A10096E984 /* Images.xcassets */; };
		6588EE3F1A5A79A10096E984 /* LaunchScreen.xib in Resources */ = {isa = PBXBuildFile; fileRef = 6588EE3D1A5A79A10096E984 /* LaunchScreen.xib */; };
		6588EE4B1A5A79A10096E984 /* SingleTonTests.m in Sources */ = {isa = PBXBuildFile; fileRef = 6588EE4A1A5A79A10096E984 /* SingleTonTests.m */; };
		6588EE561A5A79BA0096E984 /* Singleton.m in Sources */ = {isa = PBXBuildFile; fileRef = 6588EE551A5A79BA0096E984 /* Singleton.m */; };
/* End PBXBuildFile section */

/* Begin PBXContainerItemProxy section */
		6588EE451A5A79A10096E984 /* PBXContainerItemProxy */ = {
			isa = PBXContainerItemProxy;
			containerPortal = 6588EE201A5A79A10096E984 /* Project object */;
			proxyType = 1;
			remoteGlobalIDString = 6588EE271A5A79A10096E984;
			remoteInfo = SingleTon;
		};
/* End PBXContainerItemProxy section */

/* Begin PBXFileReference section */
		6588EE281A5A79A10096E984 /* SingleTon.app */ = {isa = PBXFileReference; explicitFileType = wrapper.application; includeInIndex = 0; path = SingleTon.app; sourceTree = BUILT_PRODUCTS_DIR; };
		6588EE2C1A5A79A10096E984 /* Info.plist */ = {isa = PBXFileReference; lastKnownFileType = text.plist.xml; path = Info.plist; sourceTree = "<group>"; };
		6588EE2D1A5A79A10096E984 /* main.m */ = {isa = PBXFileReference; lastKnownFileType = sourcecode.c.objc; path = main.m; sourceTree = "<group>"; };
		6588EE2F1A5A79A10096E984 /* AppDelegate.h */ = {isa = PBXFileReference; lastKnownFileType = sourcecode.c.h; path = AppDelegate.h; sourceTree = "<group>"; };
		6588EE301A5A79A10096E984 /* AppDelegate.m */ = {isa = PBXFileReference; lastKnownFileType = sourcecode.c.objc; path = AppDelegate.m; sourceTree = "<group>"; };
		6588EE331A5A79A10096E984 /* SingleTon.xcdatamodel */ = {isa = PBXFileReference; lastKnownFileType = wrapper.xcdatamodel; path = SingleTon.xcdatamodel; sourceTree = "<group>"; };
		6588EE351A5A79A10096E984 /* ViewController.h */ = {isa = PBXFileReference; lastKnownFileType = sourcecode.c.h; path = ViewController.h; sourceTree = "<group>"; };
		6588EE361A5A79A10096E984 /* ViewController.m */ = {isa = PBXFileReference; lastKnownFileType = sourcecode.c.objc; path = ViewController.m; sourceTree = "<group>"; };
		6588EE391A5A79A10096E984 /* Base */ = {isa = PBXFileReference; lastKnownFileType = file.storyboard; name = Base; path = Base.lproj/Main.storyboard; sourceTree = "<group>"; };
		6588EE3B1A5A79A10096E984 /* Images.xcassets */ = {isa = PBXFileReference; lastKnownFileType = folder.assetcatalog; path = Images.xcassets; sourceTree = "<group>"; };
		6588EE3E1A5A79A10096E984 /* Base */ = {isa = PBXFileReference; lastKnownFileType = file.xib; name = Base; path = Base.lproj/LaunchScreen.xib; sourceTree = "<group>"; };
		6588EE441A5A79A10096E984 /* SingleTonTests.xctest */ = {isa = PBXFileReference; explicitFileType = wrapper.cfbundle; includeInIndex = 0; path = SingleTonTests.xctest; sourceTree = BUILT_PRODUCTS_DIR; };
		6588EE491A5A79A10096E984 /* Info.plist */ = {isa = PBXFileReference; lastKnownFileType = text.plist.xml; path = Info.plist; sourceTree = "<group>"; };
		6588EE4A1A5A79A10096E984 /* SingleTonTests.m */ = {isa = PBXFileReference; lastKnownFileType = sourcecode.c.objc; path = SingleTonTests.m; sourceTree = "<group>"; };
		6588EE541A5A79BA0096E984 /* Singleton.h */ = {isa = PBXFileReference; fileEncoding = 4; lastKnownFileType = sourcecode.c.h; path = Singleton.h; sourceTree = "<group>"; };
		6588EE551A5A79BA0096E984 /* Singleton.m */ = {isa = PBXFileReference; fileEncoding = 4; lastKnownFileType = sourcecode.c.objc; path = Singleton.m; sourceTree = "<group>"; };
/* End PBXFileReference section */

/* Begin PBXFrameworksBuildPhase section */
		6588EE251A5A79A10096E984 /* Frameworks */ = {
			isa = PBXFrameworksBuildPhase;
			buildActionMask = 2147483647;
			files = (
			);
			runOnlyForDeploymentPostprocessing = 0;
		};
		6588EE411A5A79A10096E984 /* Frameworks */ = {
			isa = PBXFrameworksBuildPhase;
			buildActionMask = 2147483647;
			files = (
			);
			runOnlyForDeploymentPostprocessing = 0;
		};
/* End PBXFrameworksBuildPhase section */

/* Begin PBXGroup section */
		6588EE1F1A5A79A10096E984 = {
			isa = PBXGroup;
			children = (
				6588EE2A1A5A79A10096E984 /* SingleTon */,
				6588EE471A5A79A10096E984 /* SingleTonTests */,
				6588EE291A5A79A10096E984 /* Products */,
			);
			sourceTree = "<group>";
		};
		6588EE291A5A79A10096E984 /* Products */ = {
			isa = PBXGroup;
			children = (
				6588EE281A5A79A10096E984 /* SingleTon.app */,
				6588EE441A5A79A10096E984 /* SingleTonTests.xctest */,
			);
			name = Products;
			sourceTree = "<group>";
		};
		6588EE2A1A5A79A10096E984 /* SingleTon */ = {
			isa = PBXGroup;
			children = (
				6588EE2F1A5A79A10096E984 /* AppDelegate.h */,
				6588EE301A5A79A10096E984 /* AppDelegate.m */,
				6588EE541A5A79BA0096E984 /* Singleton.h */,
				6588EE551A5A79BA0096E984 /* Singleton.m */,
				6588EE351A5A79A10096E984 /* ViewController.h */,
				6588EE361A5A79A10096E984 /* ViewController.m */,
				6588EE381A5A79A10096E984 /* Main.storyboard */,
				6588EE3B1A5A79A10096E984 /* Images.xcassets */,
				6588EE3D1A5A79A10096E984 /* LaunchScreen.xib */,
				6588EE321A5A79A10096E984 /* SingleTon.xcdatamodeld */,
				6588EE2B1A5A79A10096E984 /* Supporting Files */,
			);
			path = SingleTon;
			sourceTree = "<group>";
		};
		6588EE2B1A5A79A10096E984 /* Supporting Files */ = {
			isa = PBXGroup;
			children = (
				6588EE2C1A5A79A10096E984 /* Info.plist */,
				6588EE2D1A5A79A10096E984 /* main.m */,
			);
			name = "Supporting Files";
			sourceTree = "<group>";
		};
		6588EE471A5A79A10096E984 /* SingleTonTests */ = {
			isa = PBXGroup;
			children = (
				6588EE4A1A5A79A10096E984 /* SingleTonTests.m */,
				6588EE481A5A79A10096E984 /* Supporting Files */,
			);
			path = SingleTonTests;
			sourceTree = "<group>";
		};
		6588EE481A5A79A10096E984 /* Supporting Files */ = {
			isa = PBXGroup;
			children = (
				6588EE491A5A79A10096E984 /* Info.plist */,
			);
			name = "Supporting Files";
			sourceTree = "<group>";
		};
/* End PBXGroup section */

/* Begin PBXNativeTarget section */
		6588EE271A5A79A10096E984 /* SingleTon */ = {
			isa = PBXNativeTarget;
			buildConfigurationList = 6588EE4E1A5A79A10096E984 /* Build configuration list for PBXNativeTarget "SingleTon" */;
			buildPhases = (
				6588EE241A5A79A10096E984 /* Sources */,
				6588EE251A5A79A10096E984 /* Frameworks */,
				6588EE261A5A79A10096E984 /* Resources */,
			);
			buildRules = (
			);
			dependencies = (
			);
			name = SingleTon;
			productName = SingleTon;
			productReference = 6588EE281A5A79A10096E984 /* SingleTon.app */;
			productType = "com.apple.product-type.application";
		};
		6588EE431A5A79A10096E984 /* SingleTonTests */ = {
			isa = PBXNativeTarget;
			buildConfigurationList = 6588EE511A5A79A10096E984 /* Build configuration list for PBXNativeTarget "SingleTonTests" */;
			buildPhases = (
				6588EE401A5A79A10096E984 /* Sources */,
				6588EE411A5A79A10096E984 /* Frameworks */,
				6588EE421A5A79A10096E984 /* Resources */,
			);
			buildRules = (
			);
			dependencies = (
				6588EE461A5A79A10096E984 /* PBXTargetDependency */,
			);
			name = SingleTonTests;
			productName = SingleTonTests;
			productReference = 6588EE441A5A79A10096E984 /* SingleTonTests.xctest */;
			productType = "com.apple.product-type.bundle.unit-test";
		};
/* End PBXNativeTarget section */

/* Begin PBXProject section */
		6588EE201A5A79A10096E984 /* Project object */ = {
			isa = PBXProject;
			attributes = {
				LastUpgradeCheck = 0610;
				ORGANIZATIONNAME = mingthink;
				TargetAttributes = {
					6588EE271A5A79A10096E984 = {
						CreatedOnToolsVersion = 6.1.1;
					};
					6588EE431A5A79A10096E984 = {
						CreatedOnToolsVersion = 6.1.1;
						TestTargetID = 6588EE271A5A79A10096E984;
					};
				};
			};
			buildConfigurationList = 6588EE231A5A79A10096E984 /* Build configuration list for PBXProject "SingleTon" */;
			compatibilityVersion = "Xcode 3.2";
			developmentRegion = English;
			hasScannedForEncodings = 0;
			knownRegions = (
				en,
				Base,
			);
			mainGroup = 6588EE1F1A5A79A10096E984;
			productRefGroup = 6588EE291A5A79A10096E984 /* Products */;
			projectDirPath = "";
			projectRoot = "";
			targets = (
				6588EE271A5A79A10096E984 /* SingleTon */,
				6588EE431A5A79A10096E984 /* SingleTonTests */,
			);
		};
/* End PBXProject section */

/* Begin PBXResourcesBuildPhase section */
		6588EE261A5A79A10096E984 /* Resources */ = {
			isa = PBXResourcesBuildPhase;
			buildActionMask = 2147483647;
			files = (
				6588EE3A1A5A79A10096E984 /* Main.storyboard in Resources */,
				6588EE3F1A5A79A10096E984 /* LaunchScreen.xib in Resources */,
				6588EE3C1A5A79A10096E984 /* Images.xcassets in Resources */,
			);
			runOnlyForDeploymentPostprocessing = 0;
		};
		6588EE421A5A79A10096E984 /* Resources */ = {
			isa = PBXResourcesBuildPhase;
			buildActionMask = 2147483647;
			files = (
			);
			runOnlyForDeploymentPostprocessing = 0;
		};
/* End PBXResourcesBuildPhase section */

/* Begin PBXSourcesBuildPhase section */
		6588EE241A5A79A10096E984 /* Sources */ = {
			isa = PBXSourcesBuildPhase;
			buildActionMask = 2147483647;
			files = (
				6588EE311A5A79A10096E984 /* AppDelegate.m in Sources */,
				6588EE341A5A79A10096E984 /* SingleTon.xcdatamodeld in Sources */,
				6588EE371A5A79A10096E984 /* ViewController.m in Sources */,
				6588EE2E1A5A79A10096E984 /* main.m in Sources */,
				6588EE561A5A79BA0096E984 /* Singleton.m in Sources */,
			);
			runOnlyForDeploymentPostprocessing = 0;
		};
		6588EE401A5A79A10096E984 /* Sources */ = {
			isa = PBXSourcesBuildPhase;
			buildActionMask = 2147483647;
			files = (
				6588EE4B1A5A79A10096E984 /* SingleTonTests.m in Sources */,
			);
			runOnlyForDeploymentPostprocessing = 0;
		};
/* End PBXSourcesBuildPhase section */

/* Begin PBXTargetDependency section */
		6588EE461A5A79A10096E984 /* PBXTargetDependency */ = {
			isa = PBXTargetDependency;
			target = 6588EE271A5A79A10096E984 /* SingleTon */;
			targetProxy = 6588EE451A5A79A10096E984 /* PBXContainerItemProxy */;
		};
/* End PBXTargetDependency section */

/* Begin PBXVariantGroup section */
		6588EE381A5A79A10096E984 /* Main.storyboard */ = {
			isa = PBXVariantGroup;
			children = (
				6588EE391A5A79A10096E984 /* Base */,
			);
			name = Main.storyboard;
			sourceTree = "<group>";
		};
		6588EE3D1A5A79A10096E984 /* LaunchScreen.xib */ = {
			isa = PBXVariantGroup;
			children = (
				6588EE3E1A5A79A10096E984 /* Base */,
			);
			name = LaunchScreen.xib;
			sourceTree = "<group>";
		};
/* End PBXVariantGroup section */

/* Begin XCBuildConfiguration section */
		6588EE4C1A5A79A10096E984 /* Debug */ = {
			isa = XCBuildConfiguration;
			buildSettings = {
				ALWAYS_SEARCH_USER_PATHS = NO;
				CLANG_CXX_LANGUAGE_STANDARD = "gnu++0x";
				CLANG_CXX_LIBRARY = "libc++";
				CLANG_ENABLE_MODULES = YES;
				CLANG_ENABLE_OBJC_ARC = YES;
				CLANG_WARN_BOOL_CONVERSION = YES;
				CLANG_WARN_CONSTANT_CONVERSION = YES;
				CLANG_WARN_DIRECT_OBJC_ISA_USAGE = YES_ERROR;
				CLANG_WARN_EMPTY_BODY = YES;
				CLANG_WARN_ENUM_CONVERSION = YES;
				CLANG_WARN_INT_CONVERSION = YES;
				CLANG_WARN_OBJC_ROOT_CLASS = YES_ERROR;
				CLANG_WARN_UNREACHABLE_CODE = YES;
				CLANG_WARN__DUPLICATE_METHOD_MATCH = YES;
				"CODE_SIGN_IDENTITY[sdk=iphoneos*]" = "iPhone Developer";
				COPY_PHASE_STRIP = NO;
				ENABLE_STRICT_OBJC_MSGSEND = YES;
				GCC_C_LANGUAGE_STANDARD = gnu99;
				GCC_DYNAMIC_NO_PIC = NO;
				GCC_OPTIMIZATION_LEVEL = 0;
				GCC_PREPROCESSOR_DEFINITIONS = (
					"DEBUG=1",
					"$(inherited)",
				);
				GCC_SYMBOLS_PRIVATE_EXTERN = NO;
				GCC_WARN_64_TO_32_BIT_CONVERSION = YES;
				GCC_WARN_ABOUT_RETURN_TYPE = YES_ERROR;
				GCC_WARN_UNDECLARED_SELECTOR = YES;
				GCC_WARN_UNINITIALIZED_AUTOS = YES_AGGRESSIVE;
				GCC_WARN_UNUSED_FUNCTION = YES;
				GCC_WARN_UNUSED_VARIABLE = YES;
				IPHONEOS_DEPLOYMENT_TARGET = 8.1;
				MTL_ENABLE_DEBUG_INFO = YES;
				ONLY_ACTIVE_ARCH = YES;
				SDKROOT = iphoneos;
				TARGETED_DEVICE_FAMILY = "1,2";
			};
			name = Debug;
		};
		6588EE4D1A5A79A10096E984 /* Release */ = {
			isa = XCBuildConfiguration;
			buildSettings = {
				ALWAYS_SEARCH_USER_PATHS = NO;
				CLANG_CXX_LANGUAGE_STANDARD = "gnu++0x";
				CLANG_CXX_LIBRARY = "libc++";
				CLANG_ENABLE_MODULES = YES;
				CLANG_ENABLE_OBJC_ARC = YES;
				CLANG_WARN_BOOL_CONVERSION = YES;
				CLANG_WARN_CONSTANT_CONVERSION = YES;
				CLANG_WARN_DIRECT_OBJC_ISA_USAGE = YES_ERROR;
				CLANG_WARN_EMPTY_BODY = YES;
				CLANG_WARN_ENUM_CONVERSION = YES;
				CLANG_WARN_INT_CONVERSION = YES;
				CLANG_WARN_OBJC_ROOT_CLASS = YES_ERROR;
				CLANG_WARN_UNREACHABLE_CODE = YES;
				CLANG_WARN__DUPLICATE_METHOD_MATCH = YES;
				"CODE_SIGN_IDENTITY[sdk=iphoneos*]" = "iPhone Developer";
				COPY_PHASE_STRIP = YES;
				ENABLE_NS_ASSERTIONS = NO;
				ENABLE_STRICT_OBJC_MSGSEND = YES;
				GCC_C_LANGUAGE_STANDARD = gnu99;
				GCC_WARN_64_TO_32_BIT_CONVERSION = YES;
				GCC_WARN_ABOUT_RETURN_TYPE = YES_ERROR;
				GCC_WARN_UNDECLARED_SELECTOR = YES;
				GCC_WARN_UNINITIALIZED_AUTOS = YES_AGGRESSIVE;
				GCC_WARN_UNUSED_FUNCTION = YES;
				GCC_WARN_UNUSED_VARIABLE = YES;
				IPHONEOS_DEPLOYMENT_TARGET = 8.1;
				MTL_ENABLE_DEBUG_INFO = NO;
				SDKROOT = iphoneos;
				TARGETED_DEVICE_FAMILY = "1,2";
				VALIDATE_PRODUCT = YES;
			};
			name = Release;
		};
		6588EE4F1A5A79A10096E984 /* Debug */ = {
			isa = XCBuildConfiguration;
			buildSettings = {
				ASSETCATALOG_COMPILER_APPICON_NAME = AppIcon;
				INFOPLIST_FILE = SingleTon/Info.plist;
				LD_RUNPATH_SEARCH_PATHS = "$(inherited) @executable_path/Frameworks";
				PRODUCT_NAME = "$(TARGET_NAME)";
			};
			name = Debug;
		};
		6588EE501A5A79A10096E984 /* Release */ = {
			isa = XCBuildConfiguration;
			buildSettings = {
				ASSETCATALOG_COMPILER_APPICON_NAME = AppIcon;
				INFOPLIST_FILE = SingleTon/Info.plist;
				LD_RUNPATH_SEARCH_PATHS = "$(inherited) @executable_path/Frameworks";
				PRODUCT_NAME = "$(TARGET_NAME)";
			};
			name = Release;
		};
		6588EE521A5A79A10096E984 /* Debug */ = {
			isa = XCBuildConfiguration;
			buildSettings = {
				BUNDLE_LOADER = "$(TEST_HOST)";
				FRAMEWORK_SEARCH_PATHS = (
					"$(SDKROOT)/Developer/Library/Frameworks",
					"$(inherited)",
				);
				GCC_PREPROCESSOR_DEFINITIONS = (
					"DEBUG=1",
					"$(inherited)",
				);
				INFOPLIST_FILE = SingleTonTests/Info.plist;
				LD_RUNPATH_SEARCH_PATHS = "$(inherited) @executable_path/Frameworks @loader_path/Frameworks";
				PRODUCT_NAME = "$(TARGET_NAME)";
				TEST_HOST = "$(BUILT_PRODUCTS_DIR)/SingleTon.app/SingleTon";
			};
			name = Debug;
		};
		6588EE531A5A79A10096E984 /* Release */ = {
			isa = XCBuildConfiguration;
			buildSettings = {
				BUNDLE_LOADER = "$(TEST_HOST)";
				FRAMEWORK_SEARCH_PATHS = (
					"$(SDKROOT)/Developer/Library/Frameworks",
					"$(inherited)",
				);
				INFOPLIST_FILE = SingleTonTests/Info.plist;
				LD_RUNPATH_SEARCH_PATHS = "$(inherited) @executable_path/Frameworks @loader_path/Frameworks";
				PRODUCT_NAME = "$(TARGET_NAME)";
				TEST_HOST = "$(BUILT_PRODUCTS_DIR)/SingleTon.app/SingleTon";
			};
			name = Release;
		};
/* End XCBuildConfiguration section */

/* Begin XCConfigurationList section */
		6588EE231A5A79A10096E984 /* Build configuration list for PBXProject "SingleTon" */ = {
			isa = XCConfigurationList;
			buildConfigurations = (
				6588EE4C1A5A79A10096E984 /* Debug */,
				6588EE4D1A5A79A10096E984 /* Release */,
			);
			defaultConfigurationIsVisible = 0;
			defaultConfigurationName = Release;
		};
		6588EE4E1A5A79A10096E984 /* Build configuration list for PBXNativeTarget "SingleTon" */ = {
			isa = XCConfigurationList;
			buildConfigurations = (
				6588EE4F1A5A79A10096E984 /* Debug */,
				6588EE501A5A79A10096E984 /* Release */,
			);
			defaultConfigurationIsVisible = 0;
		};
		6588EE511A5A79A10096E984 /* Build configuration list for PBXNativeTarget "SingleTonTests" */ = {
			isa = XCConfigurationList;
			buildConfigurations = (
				6588EE521A5A79A10096E984 /* Debug */,
				6588EE531A5A79A10096E984 /* Release */,
			);
			defaultConfigurationIsVisible = 0;
		};
/* End XCConfigurationList section */

/* Begin XCVersionGroup section */
		6588EE321A5A79A10096E984 /* SingleTon.xcdatamodeld */ = {
			isa = XCVersionGroup;
			children = (
				6588EE331A5A79A10096E984 /* SingleTon.xcdatamodel */,
			);
			currentVersion = 6588EE331A5A79A10096E984 /* SingleTon.xcdatamodel */;
			path = SingleTon.xcdatamodeld;
			sourceTree = "<group>";
			versionGroupType = wrapper.xcdatamodel;
		};
/* End XCVersionGroup section */
	};
	rootObject = 6588EE201A5A79A10096E984 /* Project object */;
}
